
Microsoft Visual Studio Solution File, Format Version 12.00
# Visual Studio Version 16
VisualStudioVersion = 16.0.30503.244
MinimumVisualStudioVersion = 10.0.40219.1
Project("{9A19103F-16F7-4668-BE54-9A1E7A4F7556}") = "Models", "Models\Models.csproj", "{7C9A526D-37B2-4DCA-BC5E-6E5986DD1829}"
EndProject
Project("{9A19103F-16F7-4668-BE54-9A1E7A4F7556}") = "ValidationModule", "ValidationModule\ValidationModule.csproj", "{7B6B46AD-0BEA-4F54-AC9C-CFA2C81A3ED4}"
EndProject
Project("{9A19103F-16F7-4668-BE54-9A1E7A4F7556}") = "DatabaseModule", "DatabaseModule\DatabaseModule.csproj", "{499FE2DD-1EE1-4BC9-AD0E-87C16DDBD68D}"
EndProject
Project("{9A19103F-16F7-4668-BE54-9A1E7A4F7556}") = "GeneralManagementUI", "GeneralManagementUI\GeneralManagementUI.csproj", "{DEA12B93-7B66-4A4C-AD28-6EFF2C212CBD}"
EndProject
Project("{9A19103F-16F7-4668-BE54-9A1E7A4F7556}") = "GMProcessor", "GMProcessor\GMProcessor.csproj", "{52306CC0-09E8-4DC5-B958-0DF34D84E853}"
EndProject
Project("{9A19103F-16F7-4668-BE54-9A1E7A4F7556}") = "ORProcessor", "ORProcessor\ORProcessor.csproj", "{A3FBD76E-10C5-43B9-9CAC-CFD8104F952E}"
EndProject
Project("{FAE04EC0-301F-11D3-BF4B-00C04F79EFBC}") = "OrdersRegisterWeb", "OrdersRegisterWeb\OrdersRegisterWeb.csproj", "{816EF658-953A-4023-AD09-AE075E49013F}"
EndProject
Project("{FAE04EC0-301F-11D3-BF4B-00C04F79EFBC}") = "XXHelper", "XXHelper\XXHelper.csproj", "{06EF1594-B382-46D8-9C9D-498347E48E07}"
EndProject
Global
	GlobalSection(SolutionConfigurationPlatforms) = preSolution
		Debug|Any CPU = Debug|Any CPU
		Release|Any CPU = Release|Any CPU
	EndGlobalSection
	GlobalSection(ProjectConfigurationPlatforms) = postSolution
		{7C9A526D-37B2-4DCA-BC5E-6E5986DD1829}.Debug|Any CPU.ActiveCfg = Debug|Any CPU
		{7C9A526D-37B2-4DCA-BC5E-6E5986DD1829}.Debug|Any CPU.Build.0 = Debug|Any CPU
		{7C9A526D-37B2-4DCA-BC5E-6E5986DD1829}.Release|Any CPU.ActiveCfg = Release|Any CPU
		{7C9A526D-37B2-4DCA-BC5E-6E5986DD1829}.Release|Any CPU.Build.0 = Release|Any CPU
		{7B6B46AD-0BEA-4F54-AC9C-CFA2C81A3ED4}.Debug|Any CPU.ActiveCfg = Debug|Any CPU
		{7B6B46AD-0BEA-4F54-AC9C-CFA2C81A3ED4}.Debug|Any CPU.Build.0 = Debug|Any CPU
		{7B6B46AD-0BEA-4F54-AC9C-CFA2C81A3ED4}.Release|Any CPU.ActiveCfg = Release|Any CPU
		{7B6B46AD-0BEA-4F54-AC9C-CFA2C81A3ED4}.Release|Any CPU.Build.0 = Release|Any CPU
		{499FE2DD-1EE1-4BC9-AD0E-87C16DDBD68D}.Debug|Any CPU.ActiveCfg = Debug|Any CPU
		{499FE2DD-1EE1-4BC9-AD0E-87C16DDBD68D}.Debug|Any CPU.Build.0 = Debug|Any CPU
		{499FE2DD-1EE1-4BC9-AD0E-87C16DDBD68D}.Release|Any CPU.ActiveCfg = Release|Any CPU
		{499FE2DD-1EE1-4BC9-AD0E-87C16DDBD68D}.Release|Any CPU.Build.0 = Release|Any CPU
		{DEA12B93-7B66-4A4C-AD28-6EFF2C212CBD}.Debug|Any CPU.ActiveCfg = Debug|Any CPU
		{DEA12B93-7B66-4A4C-AD28-6EFF2C212CBD}.Debug|Any CPU.Build.0 = Debug|Any CPU
		{DEA12B93-7B66-4A4C-AD28-6EFF2C212CBD}.Release|Any CPU.ActiveCfg = Release|Any CPU
		{DEA12B93-7B66-4A4C-AD28-6EFF2C212CBD}.Release|Any CPU.Build.0 = Release|Any CPU
		{52306CC0-09E8-4DC5-B958-0DF34D84E853}.Debug|Any CPU.ActiveCfg = Debug|Any CPU
		{52306CC0-09E8-4DC5-B958-0DF34D84E853}.Debug|Any CPU.Build.0 = Debug|Any CPU
		{52306CC0-09E8-4DC5-B958-0DF34D84E853}.Release|Any CPU.ActiveCfg = Release|Any CPU
		{52306CC0-09E8-4DC5-B958-0DF34D84E853}.Release|Any CPU.Build.0 = Release|Any CPU
		{A3FBD76E-10C5-43B9-9CAC-CFD8104F952E}.Debug|Any CPU.ActiveCfg = Debug|Any CPU
		{A3FBD76E-10C5-43B9-9CAC-CFD8104F952E}.Debug|Any CPU.Build.0 = Debug|Any CPU
		{A3FBD76E-10C5-43B9-9CAC-CFD8104F952E}.Release|Any CPU.ActiveCfg = Release|Any CPU
		{A3FBD76E-10C5-43B9-9CAC-CFD8104F952E}.Release|Any CPU.Build.0 = Release|Any CPU
		{816EF658-953A-4023-AD09-AE075E49013F}.Debug|Any CPU.ActiveCfg = Debug|Any CPU
		{816EF658-953A-4023-AD09-AE075E49013F}.Debug|Any CPU.Build.0 = Debug|Any CPU
		{816EF658-953A-4023-AD09-AE075E49013F}.Release|Any CPU.ActiveCfg = Release|Any CPU
		{816EF658-953A-4023-AD09-AE075E49013F}.Release|Any CPU.Build.0 = Release|Any CPU
		{06EF1594-B382-46D8-9C9D-498347E48E07}.Debug|Any CPU.ActiveCfg = Debug|Any CPU
		{06EF1594-B382-46D8-9C9D-498347E48E07}.Debug|Any CPU.Build.0 = Debug|Any CPU
		{06EF1594-B382-46D8-9C9D-498347E48E07}.Release|Any CPU.ActiveCfg = Release|Any CPU
		{06EF1594-B382-46D8-9C9D-498347E48E07}.Release|Any CPU.Build.0 = Release|Any CPU
	EndGlobalSection
	GlobalSection(SolutionProperties) = preSolution
		HideSolutionNode = FALSE
	EndGlobalSection
	GlobalSection(ExtensibilityGlobals) = postSolution
		SolutionGuid = {BD422963-91D2-408D-99AA-38B008CCFB43}
	EndGlobalSection
EndGlobal
