
Microsoft Visual Studio Solution File, Format Version 12.00
# Visual Studio Version 16
VisualStudioVersion = 16.0.30503.244
MinimumVisualStudioVersion = 10.0.40219.1
Project("{9A19103F-16F7-4668-BE54-9A1E7A4F7556}") = "Models", "Models\Models.csproj", "{7C9A526D-37B2-4DCA-BC5E-6E5986DD1829}"
EndProject
Project("{FAE04EC0-301F-11D3-BF4B-00C04F79EFBC}") = "ValidationModule", "ValidationModule\ValidationModule.csproj", "{7B6B46AD-0BEA-4F54-AC9C-CFA2C81A3ED4}"
EndProject
Project("{FAE04EC0-301F-11D3-BF4B-00C04F79EFBC}") = "DatabaseModule", "DatabaseModule\DatabaseModule.csproj", "{499FE2DD-1EE1-4BC9-AD0E-87C16DDBD68D}"
EndProject
Global
	GlobalSection(SolutionConfigurationPlatforms) = preSolution
		Debug|Any CPU = Debug|Any CPU
		Release|Any CPU = Release|Any CPU
	EndGlobalSection
	GlobalSection(ProjectConfigurationPlatforms) = postSolution
		{7C9A526D-37B2-4DCA-BC5E-6E5986DD1829}.Debug|Any CPU.ActiveCfg = Debug|Any CPU
		{7C9A526D-37B2-4DCA-BC5E-6E5986DD1829}.Debug|Any CPU.Build.0 = Debug|Any CPU
		{7C9A526D-37B2-4DCA-BC5E-6E5986DD1829}.Release|Any CPU.ActiveCfg = Release|Any CPU
		{7C9A526D-37B2-4DCA-BC5E-6E5986DD1829}.Release|Any CPU.Build.0 = Release|Any CPU
		{7B6B46AD-0BEA-4F54-AC9C-CFA2C81A3ED4}.Debug|Any CPU.ActiveCfg = Debug|Any CPU
		{7B6B46AD-0BEA-4F54-AC9C-CFA2C81A3ED4}.Debug|Any CPU.Build.0 = Debug|Any CPU
		{7B6B46AD-0BEA-4F54-AC9C-CFA2C81A3ED4}.Release|Any CPU.ActiveCfg = Release|Any CPU
		{7B6B46AD-0BEA-4F54-AC9C-CFA2C81A3ED4}.Release|Any CPU.Build.0 = Release|Any CPU
		{499FE2DD-1EE1-4BC9-AD0E-87C16DDBD68D}.Debug|Any CPU.ActiveCfg = Debug|Any CPU
		{499FE2DD-1EE1-4BC9-AD0E-87C16DDBD68D}.Debug|Any CPU.Build.0 = Debug|Any CPU
		{499FE2DD-1EE1-4BC9-AD0E-87C16DDBD68D}.Release|Any CPU.ActiveCfg = Release|Any CPU
		{499FE2DD-1EE1-4BC9-AD0E-87C16DDBD68D}.Release|Any CPU.Build.0 = Release|Any CPU
	EndGlobalSection
	GlobalSection(SolutionProperties) = preSolution
		HideSolutionNode = FALSE
	EndGlobalSection
	GlobalSection(ExtensibilityGlobals) = postSolution
		SolutionGuid = {BD422963-91D2-408D-99AA-38B008CCFB43}
	EndGlobalSection
EndGlobal
